
Microsoft Visual Studio Solution File, Format Version 12.00
# Visual Studio Version 17
VisualStudioVersion = 17.0.31903.59
MinimumVisualStudioVersion = 10.0.40219.1
Project("{FAE04EC0-301F-11D3-BF4B-00C04F79EFBC}") = "JsonPath", "JsonPath\JsonPath.csproj", "{81409477-A507-4C5E-8116-8D941BEA9DDB}"
EndProject
Project("{FAE04EC0-301F-11D3-BF4B-00C04F79EFBC}") = "Demo", "Demo\Demo.csproj", "{48743015-9222-45F9-A8B4-3E35F991C87C}"
EndProject
Project("{FAE04EC0-301F-11D3-BF4B-00C04F79EFBC}") = "Test", "Test\Test.csproj", "{A29BEAB3-05D9-4645-BBE2-8F655F5097E8}"
EndProject
Project("{FAE04EC0-301F-11D3-BF4B-00C04F79EFBC}") = "PackageTester", "PackageTester\PackageTester.csproj", "{171F48B1-2B99-4E3A-BF80-72E4A02E07FD}"
EndProject
Global
	GlobalSection(SolutionConfigurationPlatforms) = preSolution
		Debug|Any CPU = Debug|Any CPU
		Release|Any CPU = Release|Any CPU
	EndGlobalSection
	GlobalSection(SolutionProperties) = preSolution
		HideSolutionNode = FALSE
	EndGlobalSection
	GlobalSection(ProjectConfigurationPlatforms) = postSolution
		{81409477-A507-4C5E-8116-8D941BEA9DDB}.Debug|Any CPU.ActiveCfg = Debug|Any CPU
		{81409477-A507-4C5E-8116-8D941BEA9DDB}.Debug|Any CPU.Build.0 = Debug|Any CPU
		{81409477-A507-4C5E-8116-8D941BEA9DDB}.Release|Any CPU.ActiveCfg = Release|Any CPU
		{81409477-A507-4C5E-8116-8D941BEA9DDB}.Release|Any CPU.Build.0 = Release|Any CPU
		{48743015-9222-45F9-A8B4-3E35F991C87C}.Debug|Any CPU.ActiveCfg = Debug|Any CPU
		{48743015-9222-45F9-A8B4-3E35F991C87C}.Debug|Any CPU.Build.0 = Debug|Any CPU
		{48743015-9222-45F9-A8B4-3E35F991C87C}.Release|Any CPU.ActiveCfg = Release|Any CPU
		{48743015-9222-45F9-A8B4-3E35F991C87C}.Release|Any CPU.Build.0 = Release|Any CPU
		{A29BEAB3-05D9-4645-BBE2-8F655F5097E8}.Debug|Any CPU.ActiveCfg = Debug|Any CPU
		{A29BEAB3-05D9-4645-BBE2-8F655F5097E8}.Debug|Any CPU.Build.0 = Debug|Any CPU
		{A29BEAB3-05D9-4645-BBE2-8F655F5097E8}.Release|Any CPU.ActiveCfg = Release|Any CPU
		{A29BEAB3-05D9-4645-BBE2-8F655F5097E8}.Release|Any CPU.Build.0 = Release|Any CPU
		{171F48B1-2B99-4E3A-BF80-72E4A02E07FD}.Debug|Any CPU.ActiveCfg = Debug|Any CPU
		{171F48B1-2B99-4E3A-BF80-72E4A02E07FD}.Debug|Any CPU.Build.0 = Debug|Any CPU
		{171F48B1-2B99-4E3A-BF80-72E4A02E07FD}.Release|Any CPU.ActiveCfg = Release|Any CPU
		{171F48B1-2B99-4E3A-BF80-72E4A02E07FD}.Release|Any CPU.Build.0 = Release|Any CPU
	EndGlobalSection
EndGlobal
