
Microsoft Visual Studio Solution File, Format Version 12.00
# Visual Studio 14
VisualStudioVersion = 14.0.25123.0
MinimumVisualStudioVersion = 10.0.40219.1
Project("{FAE04EC0-301F-11D3-BF4B-00C04F79EFBC}") = "JsonPathDemo", "JsonPathDemo.csproj", "{20C34DC1-D697-49BE-97E2-5D9488D3AC83}"
EndProject
Project("{FAE04EC0-301F-11D3-BF4B-00C04F79EFBC}") = "JsonPath", "JsonPath\JsonPath.csproj", "{C5F5EE47-476D-4C13-9192-C919CBDA5973}"
EndProject
Global
	GlobalSection(SolutionConfigurationPlatforms) = preSolution
		Debug|Any CPU = Debug|Any CPU
		Release|Any CPU = Release|Any CPU
	EndGlobalSection
	GlobalSection(ProjectConfigurationPlatforms) = postSolution
		{20C34DC1-D697-49BE-97E2-5D9488D3AC83}.Debug|Any CPU.ActiveCfg = Debug|Any CPU
		{20C34DC1-D697-49BE-97E2-5D9488D3AC83}.Debug|Any CPU.Build.0 = Debug|Any CPU
		{20C34DC1-D697-49BE-97E2-5D9488D3AC83}.Release|Any CPU.ActiveCfg = Release|Any CPU
		{20C34DC1-D697-49BE-97E2-5D9488D3AC83}.Release|Any CPU.Build.0 = Release|Any CPU
		{C5F5EE47-476D-4C13-9192-C919CBDA5973}.Debug|Any CPU.ActiveCfg = Debug|Any CPU
		{C5F5EE47-476D-4C13-9192-C919CBDA5973}.Debug|Any CPU.Build.0 = Debug|Any CPU
		{C5F5EE47-476D-4C13-9192-C919CBDA5973}.Release|Any CPU.ActiveCfg = Release|Any CPU
		{C5F5EE47-476D-4C13-9192-C919CBDA5973}.Release|Any CPU.Build.0 = Release|Any CPU
	EndGlobalSection
	GlobalSection(SolutionProperties) = preSolution
		HideSolutionNode = FALSE
	EndGlobalSection
EndGlobal
